lockfileVersion: '6.0'

dependencies:
  date-fns:
    specifier: ^2.29.3
    version: 2.29.3
  defs:
    specifier: workspace:*
    version: file:../defs

devDependencies:
  tslib:
    specifier: ^2.5.0
    version: 2.5.0
  typescript:
    specifier: ^4.9.4
    version: 4.9.5

dependenciesMeta:
  defs:
    injected: true

packages:

  /date-fns@2.29.3:
    resolution: {integrity: sha512-dDCnyH2WnnKusqvZZ6+jA1O51Ibt8ZMRNkDZdyAyK4YfbDwa/cEmuztzG5pk6hqlp9aSBPYcjOlktquahGwGeA==}
    engines: {node: '>=0.11'}
    dev: false

  /tslib@2.5.0:
    resolution: {integrity: sha512-336iVw3rtn2BUK7ORdIAHTyxHGRIHVReokCR3XjbckJMK7ms8FysBfhLR8IXnAgy7T0PTPNBWKiH514FOW/WSg==}
    dev: true

  /typescript@4.9.5:
    resolution: {integrity: sha512-1FXk9E2Hm+QzZQ7z+McJiHL4NW1F2EzMu9Nq9i3zAaGqibafqYwCVU6WyWAuyQRRzOlxou8xZSyXLEN8oKj24g==}
    engines: {node: '>=4.2.0'}
    hasBin: true
    dev: true

  /zod@3.21.0:
    resolution: {integrity: sha512-UYdykTcVxB6lfdyLzAqLyyYAlOcpoluECvjsdoaqfQmz9p+3LRaIqYcNiL/J2kFYp66fBM8wwBvIGVEjq7KtZw==}
    dev: false

  file:../defs:
    resolution: {directory: ../defs, type: directory}
    name: defs
    version: 1.0.4
    requiresBuild: true
    dependencies:
      zod: 3.21.0
    dev: false
