lockfileVersion: 5.4

specifiers:
  date-fns: ^2.29.3
  defs: workspace:*
  tslib: ^2.4.1
  typescript: ^4.9.4
  zod: ^3.21.0

dependencies:
  date-fns: 2.29.3
  zod: 3.21.0

devDependencies:
  defs: link:../defs
  tslib: 2.5.0
  typescript: 4.9.5

packages:

  /date-fns/2.29.3:
    resolution: {integrity: sha512-dDCnyH2WnnKusqvZZ6+jA1O51Ibt8ZMRNkDZdyAyK4YfbDwa/cEmuztzG5pk6hqlp9aSBPYcjOlktquahGwGeA==}
    engines: {node: '>=0.11'}
    dev: false

  /tslib/2.5.0:
    resolution: {integrity: sha512-336iVw3rtn2BUK7ORdIAHTyxHGRIHVReokCR3XjbckJMK7ms8FysBfhLR8IXnAgy7T0PTPNBWKiH514FOW/WSg==}
    dev: true

  /typescript/4.9.5:
    resolution: {integrity: sha512-1FXk9E2Hm+QzZQ7z+McJiHL4NW1F2EzMu9Nq9i3zAaGqibafqYwCVU6WyWAuyQRRzOlxou8xZSyXLEN8oKj24g==}
    engines: {node: '>=4.2.0'}
    hasBin: true
    dev: true

  /zod/3.21.0:
    resolution: {integrity: sha512-UYdykTcVxB6lfdyLzAqLyyYAlOcpoluECvjsdoaqfQmz9p+3LRaIqYcNiL/J2kFYp66fBM8wwBvIGVEjq7KtZw==}
    dev: false
